{
    "name": "package",
    "version": "1.0.0",
    "lockfileVersion": 3,
    "requires": true,
    "author": "Luke Walsh",
    "description": "",
    "license": "ISC",
    "packages": {
      "": {
        "name": "package",
        "version": "1.0.0",
        "license": "ISC"
      }
    },
    "scripts": {
      "start": "node index.html"
    }
  }
  